// !$*UTF8*$!
{
	archiveVersion = 1;
	classes = {
	};
	objectVersion = 77;
	objects = {

/* Begin PBXContainerItemProxy section */
		16E85BD02E412CB1007A283C /* PBXContainerItemProxy */ = {
			isa = PBXContainerItemProxy;
			containerPortal = 16E85BBA2E412CAE007A283C /* Project object */;
			proxyType = 1;
			remoteGlobalIDString = 16E85BC12E412CAE007A283C;
			remoteInfo = FlamMusicPlayer;
		};
		16E85BDA2E412CB1007A283C /* PBXContainerItemProxy */ = {
			isa = PBXContainerItemProxy;
			containerPortal = 16E85BBA2E412CAE007A283C /* Project object */;
			proxyType = 1;
			remoteGlobalIDString = 16E85BC12E412CAE007A283C;
			remoteInfo = FlamMusicPlayer;
		};
/* End PBXContainerItemProxy section */

/* Begin PBXFileReference section */
		16E85BC22E412CAE007A283C /* FlamMusicPlayer.app */ = {isa = PBXFileReference; explicitFileType = wrapper.application; includeInIndex = 0; path = FlamMusicPlayer.app; sourceTree = BUILT_PRODUCTS_DIR; };
		16E85BCF2E412CB1007A283C /* FlamMusicPlayerTests.xctest */ = {isa = PBXFileReference; explicitFileType = wrapper.cfbundle; includeInIndex = 0; path = FlamMusicPlayerTests.xctest; sourceTree = BUILT_PRODUCTS_DIR; };
		16E85BD92E412CB1007A283C /* FlamMusicPlayerUITests.xctest */ = {isa = PBXFileReference; explicitFileType = wrapper.cfbundle; includeInIndex = 0; path = FlamMusicPlayerUITests.xctest; sourceTree = BUILT_PRODUCTS_DIR; };
/* End PBXFileReference section */

/* Begin PBXFileSystemSynchronizedRootGroup section */
		16E85BC42E412CAE007A283C /* FlamMusicPlayer */ = {
			isa = PBXFileSystemSynchronizedRootGroup;
			path = FlamMusicPlayer;
			sourceTree = "<group>";
		};
		16E85BD22E412CB1007A283C /* FlamMusicPlayerTests */ = {
			isa = PBXFileSystemSynchronizedRootGroup;
			path = FlamMusicPlayerTests;
			sourceTree = "<group>";
		};
		16E85BDC2E412CB1007A283C /* FlamMusicPlayerUITests */ = {
			isa = PBXFileSystemSynchronizedRootGroup;
			path = FlamMusicPlayerUITests;
			sourceTree = "<group>";
		};
/* End PBXFileSystemSynchronizedRootGroup section */

/* Begin PBXFrameworksBuildPhase section */
		16E85BBF2E412CAE007A283C /* Frameworks */ = {
			isa = PBXFrameworksBuildPhase;
			buildActionMask = 2147483647;
			files = (
			);
			runOnlyForDeploymentPostprocessing = 0;
		};
		16E85BCC2E412CB1007A283C /* Frameworks */ = {
			isa = PBXFrameworksBuildPhase;
			buildActionMask = 2147483647;
			files = (
			);
			runOnlyForDeploymentPostprocessing = 0;
		};
		16E85BD62E412CB1007A283C /* Frameworks */ = {
			isa = PBXFrameworksBuildPhase;
			buildActionMask = 2147483647;
			files = (
			);
			runOnlyForDeploymentPostprocessing = 0;
		};
/* End PBXFrameworksBuildPhase section */

/* Begin PBXGroup section */
		16E85BB92E412CAE007A283C = {
			isa = PBXGroup;
			children = (
				16E85BC42E412CAE007A283C /* FlamMusicPlayer */,
				16E85BD22E412CB1007A283C /* FlamMusicPlayerTests */,
				16E85BDC2E412CB1007A283C /* FlamMusicPlayerUITests */,
				16E85BC32E412CAE007A283C /* Products */,
			);
			sourceTree = "<group>";
		};
		16E85BC32E412CAE007A283C /* Products */ = {
			isa = PBXGroup;
			children = (
				16E85BC22E412CAE007A283C /* FlamMusicPlayer.app */,
				16E85BCF2E412CB1007A283C /* FlamMusicPlayerTests.xctest */,
				16E85BD92E412CB1007A283C /* FlamMusicPlayerUITests.xctest */,
			);
			name = Products;
			sourceTree = "<group>";
		};
/* End PBXGroup section */

/* Begin PBXNativeTarget section */
		16E85BC12E412CAE007A283C /* FlamMusicPlayer */ = {
			isa = PBXNativeTarget;
			buildConfigurationList = 16E85BE32E412CB1007A283C /* Build configuration list for PBXNativeTarget "FlamMusicPlayer" */;
			buildPhases = (
				16E85BBE2E412CAE007A283C /* Sources */,
				16E85BBF2E412CAE007A283C /* Frameworks */,
				16E85BC02E412CAE007A283C /* Resources */,
			);
			buildRules = (
			);
			dependencies = (
			);
			fileSystemSynchronizedGroups = (
				16E85BC42E412CAE007A283C /* FlamMusicPlayer */,
			);
			name = FlamMusicPlayer;
			packageProductDependencies = (
			);
			productName = FlamMusicPlayer;
			productReference = 16E85BC22E412CAE007A283C /* FlamMusicPlayer.app */;
			productType = "com.apple.product-type.application";
		};
		16E85BCE2E412CB1007A283C /* FlamMusicPlayerTests */ = {
			isa = PBXNativeTarget;
			buildConfigurationList = 16E85BE62E412CB1007A283C /* Build configuration list for PBXNativeTarget "FlamMusicPlayerTests" */;
			buildPhases = (
				16E85BCB2E412CB1007A283C /* Sources */,
				16E85BCC2E412CB1007A283C /* Frameworks */,
				16E85BCD2E412CB1007A283C /* Resources */,
			);
			buildRules = (
			);
			dependencies = (
				16E85BD12E412CB1007A283C /* PBXTargetDependency */,
			);
			fileSystemSynchronizedGroups = (
				16E85BD22E412CB1007A283C /* FlamMusicPlayerTests */,
			);
			name = FlamMusicPlayerTests;
			packageProductDependencies = (
			);
			productName = FlamMusicPlayerTests;
			productReference = 16E85BCF2E412CB1007A283C /* FlamMusicPlayerTests.xctest */;
			productType = "com.apple.product-type.bundle.unit-test";
		};
		16E85BD82E412CB1007A283C /* FlamMusicPlayerUITests */ = {
			isa = PBXNativeTarget;
			buildConfigurationList = 16E85BE92E412CB1007A283C /* Build configuration list for PBXNativeTarget "FlamMusicPlayerUITests" */;
			buildPhases = (
				16E85BD52E412CB1007A283C /* Sources */,
				16E85BD62E412CB1007A283C /* Frameworks */,
				16E85BD72E412CB1007A283C /* Resources */,
			);
			buildRules = (
			);
			dependencies = (
				16E85BDB2E412CB1007A283C /* PBXTargetDependency */,
			);
			fileSystemSynchronizedGroups = (
				16E85BDC2E412CB1007A283C /* FlamMusicPlayerUITests */,
			);
			name = FlamMusicPlayerUITests;
			packageProductDependencies = (
			);
			productName = FlamMusicPlayerUITests;
			productReference = 16E85BD92E412CB1007A283C /* FlamMusicPlayerUITests.xctest */;
			productType = "com.apple.product-type.bundle.ui-testing";
		};
/* End PBXNativeTarget section */

/* Begin PBXProject section */
		16E85BBA2E412CAE007A283C /* Project object */ = {
			isa = PBXProject;
			attributes = {
				BuildIndependentTargetsInParallel = 1;
				LastSwiftUpdateCheck = 1640;
				LastUpgradeCheck = 1640;
				TargetAttributes = {
					16E85BC12E412CAE007A283C = {
						CreatedOnToolsVersion = 16.4;
					};
					16E85BCE2E412CB1007A283C = {
						CreatedOnToolsVersion = 16.4;
						TestTargetID = 16E85BC12E412CAE007A283C;
					};
					16E85BD82E412CB1007A283C = {
						CreatedOnToolsVersion = 16.4;
						TestTargetID = 16E85BC12E412CAE007A283C;
					};
				};
			};
			buildConfigurationList = 16E85BBD2E412CAE007A283C /* Build configuration list for PBXProject "FlamMusicPlayer" */;
			developmentRegion = en;
			hasScannedForEncodings = 0;
			knownRegions = (
				en,
				Base,
			);
			mainGroup = 16E85BB92E412CAE007A283C;
			minimizedProjectReferenceProxies = 1;
			preferredProjectObjectVersion = 77;
			productRefGroup = 16E85BC32E412CAE007A283C /* Products */;
			projectDirPath = "";
			projectRoot = "";
			targets = (
				16E85BC12E412CAE007A283C /* FlamMusicPlayer */,
				16E85BCE2E412CB1007A283C /* FlamMusicPlayerTests */,
				16E85BD82E412CB1007A283C /* FlamMusicPlayerUITests */,
			);
		};
/* End PBXProject section */

/* Begin PBXResourcesBuildPhase section */
		16E85BC02E412CAE007A283C /* Resources */ = {
			isa = PBXResourcesBuildPhase;
			buildActionMask = 2147483647;
			files = (
			);
			runOnlyForDeploymentPostprocessing = 0;
		};
		16E85BCD2E412CB1007A283C /* Resources */ = {
			isa = PBXResourcesBuildPhase;
			buildActionMask = 2147483647;
			files = (
			);
			runOnlyForDeploymentPostprocessing = 0;
		};
		16E85BD72E412CB1007A283C /* Resources */ = {
			isa = PBXResourcesBuildPhase;
			buildActionMask = 2147483647;
			files = (
			);
			runOnlyForDeploymentPostprocessing = 0;
		};
/* End PBXResourcesBuildPhase section */

/* Begin PBXSourcesBuildPhase section */
		16E85BBE2E412CAE007A283C /* Sources */ = {
			isa = PBXSourcesBuildPhase;
			buildActionMask = 2147483647;
			files = (
			);
			runOnlyForDeploymentPostprocessing = 0;
		};
		16E85BCB2E412CB1007A283C /* Sources */ = {
			isa = PBXSourcesBuildPhase;
			buildActionMask = 2147483647;
			files = (
			);
			runOnlyForDeploymentPostprocessing = 0;
		};
		16E85BD52E412CB1007A283C /* Sources */ = {
			isa = PBXSourcesBuildPhase;
			buildActionMask = 2147483647;
			files = (
			);
			runOnlyForDeploymentPostprocessing = 0;
		};
/* End PBXSourcesBuildPhase section */

/* Begin PBXTargetDependency section */
		16E85BD12E412CB1007A283C /* PBXTargetDependency */ = {
			isa = PBXTargetDependency;
			target = 16E85BC12E412CAE007A283C /* FlamMusicPlayer */;
			targetProxy = 16E85BD02E412CB1007A283C /* PBXContainerItemProxy */;
		};
		16E85BDB2E412CB1007A283C /* PBXTargetDependency */ = {
			isa = PBXTargetDependency;
			target = 16E85BC12E412CAE007A283C /* FlamMusicPlayer */;
			targetProxy = 16E85BDA2E412CB1007A283C /* PBXContainerItemProxy */;
		};
/* End PBXTargetDependency section */

/* Begin XCBuildConfiguration section */
		16E85BE12E412CB1007A283C /* Debug */ = {
			isa = XCBuildConfiguration;
			buildSettings = {
				ALWAYS_SEARCH_USER_PATHS = NO;
				ASSETCATALOG_COMPILER_GENERATE_SWIFT_ASSET_SYMBOL_EXTENSIONS = YES;
				CLANG_ANALYZER_NONNULL = YES;
				CLANG_ANALYZER_NUMBER_OBJECT_CONVERSION = YES_AGGRESSIVE;
				CLANG_CXX_LANGUAGE_STANDARD = "gnu++20";
				CLANG_ENABLE_MODULES = YES;
				CLANG_ENABLE_OBJC_ARC = YES;
				CLANG_ENABLE_OBJC_WEAK = YES;
				CLANG_WARN_BLOCK_CAPTURE_AUTORELEASING = YES;
				CLANG_WARN_BOOL_CONVERSION = YES;
				CLANG_WARN_COMMA = YES;
				CLANG_WARN_CONSTANT_CONVERSION = YES;
				CLANG_WARN_DEPRECATED_OBJC_IMPLEMENTATIONS = YES;
				CLANG_WARN_DIRECT_OBJC_ISA_USAGE = YES_ERROR;
				CLANG_WARN_DOCUMENTATION_COMMENTS = YES;
				CLANG_WARN_EMPTY_BODY = YES;
				CLANG_WARN_ENUM_CONVERSION = YES;
				CLANG_WARN_INFINITE_RECURSION = YES;
				CLANG_WARN_INT_CONVERSION = YES;
				CLANG_WARN_NON_LITERAL_NULL_CONVERSION = YES;
				CLANG_WARN_OBJC_IMPLICIT_RETAIN_SELF = YES;
				CLANG_WARN_OBJC_LITERAL_CONVERSION = YES;
				CLANG_WARN_OBJC_ROOT_CLASS = YES_ERROR;
				CLANG_WARN_QUOTED_INCLUDE_IN_FRAMEWORK_HEADER = YES;
				CLANG_WARN_RANGE_LOOP_ANALYSIS = YES;
				CLANG_WARN_STRICT_PROTOTYPES = YES;
				CLANG_WARN_SUSPICIOUS_MOVE = YES;
				CLANG_WARN_UNGUARDED_AVAILABILITY = YES_AGGRESSIVE;
				CLANG_WARN_UNREACHABLE_CODE = YES;
				CLANG_WARN__DUPLICATE_METHOD_MATCH = YES;
				COPY_PHASE_STRIP = NO;
				DEBUG_INFORMATION_FORMAT = dwarf;
				ENABLE_STRICT_OBJC_MSGSEND = YES;
				ENABLE_TESTABILITY = YES;
				ENABLE_USER_SCRIPT_SANDBOXING = YES;
				GCC_C_LANGUAGE_STANDARD = gnu17;
				GCC_DYNAMIC_NO_PIC = NO;
				GCC_NO_COMMON_BLOCKS = YES;
				GCC_OPTIMIZATION_LEVEL = 0;
				GCC_PREPROCESSOR_DEFINITIONS = (
					"DEBUG=1",
					"$(inherited)",
				);
				GCC_WARN_64_TO_32_BIT_CONVERSION = YES;
				GCC_WARN_ABOUT_RETURN_TYPE = YES_ERROR;
				GCC_WARN_UNDECLARED_SELECTOR = YES;
				GCC_WARN_UNINITIALIZED_AUTOS = YES_AGGRESSIVE;
				GCC_WARN_UNUSED_FUNCTION = YES;
				GCC_WARN_UNUSED_VARIABLE = YES;
				IPHONEOS_DEPLOYMENT_TARGET = 18.5;
				LOCALIZATION_PREFERS_STRING_CATALOGS = YES;
				MTL_ENABLE_DEBUG_INFO = INCLUDE_SOURCE;
				MTL_FAST_MATH = YES;
				ONLY_ACTIVE_ARCH = YES;
				SDKROOT = iphoneos;
				SWIFT_ACTIVE_COMPILATION_CONDITIONS = "DEBUG $(inherited)";
				SWIFT_OPTIMIZATION_LEVEL = "-Onone";
			};
			name = Debug;
		};
		16E85BE22E412CB1007A283C /* Release */ = {
			isa = XCBuildConfiguration;
			buildSettings = {
				ALWAYS_SEARCH_USER_PATHS = NO;
				ASSETCATALOG_COMPILER_GENERATE_SWIFT_ASSET_SYMBOL_EXTENSIONS = YES;
				CLANG_ANALYZER_NONNULL = YES;
				CLANG_ANALYZER_NUMBER_OBJECT_CONVERSION = YES_AGGRESSIVE;
				CLANG_CXX_LANGUAGE_STANDARD = "gnu++20";
				CLANG_ENABLE_MODULES = YES;
				CLANG_ENABLE_OBJC_ARC = YES;
				CLANG_ENABLE_OBJC_WEAK = YES;
				CLANG_WARN_BLOCK_CAPTURE_AUTORELEASING = YES;
				CLANG_WARN_BOOL_CONVERSION = YES;
				CLANG_WARN_COMMA = YES;
				CLANG_WARN_CONSTANT_CONVERSION = YES;
				CLANG_WARN_DEPRECATED_OBJC_IMPLEMENTATIONS = YES;
				CLANG_WARN_DIRECT_OBJC_ISA_USAGE = YES_ERROR;
				CLANG_WARN_DOCUMENTATION_COMMENTS = YES;
				CLANG_WARN_EMPTY_BODY = YES;
				CLANG_WARN_ENUM_CONVERSION = YES;
				CLANG_WARN_INFINITE_RECURSION = YES;
				CLANG_WARN_INT_CONVERSION = YES;
				CLANG_WARN_NON_LITERAL_NULL_CONVERSION = YES;
				CLANG_WARN_OBJC_IMPLICIT_RETAIN_SELF = YES;
				CLANG_WARN_OBJC_LITERAL_CONVERSION = YES;
				CLANG_WARN_OBJC_ROOT_CLASS = YES_ERROR;
				CLANG_WARN_QUOTED_INCLUDE_IN_FRAMEWORK_HEADER = YES;
				CLANG_WARN_RANGE_LOOP_ANALYSIS = YES;
				CLANG_WARN_STRICT_PROTOTYPES = YES;
				CLANG_WARN_SUSPICIOUS_MOVE = YES;
				CLANG_WARN_UNGUARDED_AVAILABILITY = YES_AGGRESSIVE;
				CLANG_WARN_UNREACHABLE_CODE = YES;
				CLANG_WARN__DUPLICATE_METHOD_MATCH = YES;
				COPY_PHASE_STRIP = NO;
				DEBUG_INFORMATION_FORMAT = "dwarf-with-dsym";
				ENABLE_NS_ASSERTIONS = NO;
				ENABLE_STRICT_OBJC_MSGSEND = YES;
				ENABLE_USER_SCRIPT_SANDBOXING = YES;
				GCC_C_LANGUAGE_STANDARD = gnu17;
				GCC_NO_COMMON_BLOCKS = YES;
				GCC_WARN_64_TO_32_BIT_CONVERSION = YES;
				GCC_WARN_ABOUT_RETURN_TYPE = YES_ERROR;
				GCC_WARN_UNDECLARED_SELECTOR = YES;
				GCC_WARN_UNINITIALIZED_AUTOS = YES_AGGRESSIVE;
				GCC_WARN_UNUSED_FUNCTION = YES;
				GCC_WARN_UNUSED_VARIABLE = YES;
				IPHONEOS_DEPLOYMENT_TARGET = 18.5;
				LOCALIZATION_PREFERS_STRING_CATALOGS = YES;
				MTL_ENABLE_DEBUG_INFO = NO;
				MTL_FAST_MATH = YES;
				SDKROOT = iphoneos;
				SWIFT_COMPILATION_MODE = wholemodule;
				VALIDATE_PRODUCT = YES;
			};
			name = Release;
		};
		16E85BE42E412CB1007A283C /* Debug */ = {
			isa = XCBuildConfiguration;
			buildSettings = {
				ASSETCATALOG_COMPILER_APPICON_NAME = AppIcon;
				ASSETCATALOG_COMPILER_GLOBAL_ACCENT_COLOR_NAME = AccentColor;
				CODE_SIGN_STYLE = Automatic;
				CURRENT_PROJECT_VERSION = 1;
				ENABLE_PREVIEWS = YES;
				GENERATE_INFOPLIST_FILE = YES;
				INFOPLIST_KEY_UIApplicationSceneManifest_Generation = YES;
				INFOPLIST_KEY_UIApplicationSupportsIndirectInputEvents = YES;
				INFOPLIST_KEY_UILaunchScreen_Generation = YES;
				INFOPLIST_KEY_UISupportedInterfaceOrientations_iPad = "UIInterfaceOrientationPortrait UIInterfaceOrientationPortraitUpsideDown UIInterfaceOrientationLandscapeLeft UIInterfaceOrientationLandscapeRight";
				INFOPLIST_KEY_UISupportedInterfaceOrientations_iPhone = "UIInterfaceOrientationPortrait UIInterfaceOrientationLandscapeLeft UIInterfaceOrientationLandscapeRight";
				LD_RUNPATH_SEARCH_PATHS = (
					"$(inherited)",
					"@executable_path/Frameworks",
				);
				MARKETING_VERSION = 1.0;
				PRODUCT_BUNDLE_IDENTIFIER = com.Kedarnath.FlamMusicPlayer;
				PRODUCT_NAME = "$(TARGET_NAME)";
				SWIFT_EMIT_LOC_STRINGS = YES;
				SWIFT_VERSION = 5.0;
				TARGETED_DEVICE_FAMILY = "1,2";
			};
			name = Debug;
		};
		16E85BE52E412CB1007A283C /* Release */ = {
			isa = XCBuildConfiguration;
			buildSettings = {
				ASSETCATALOG_COMPILER_APPICON_NAME = AppIcon;
				ASSETCATALOG_COMPILER_GLOBAL_ACCENT_COLOR_NAME = AccentColor;
				CODE_SIGN_STYLE = Automatic;
				CURRENT_PROJECT_VERSION = 1;
				ENABLE_PREVIEWS = YES;
				GENERATE_INFOPLIST_FILE = YES;
				INFOPLIST_KEY_UIApplicationSceneManifest_Generation = YES;
				INFOPLIST_KEY_UIApplicationSupportsIndirectInputEvents = YES;
				INFOPLIST_KEY_UILaunchScreen_Generation = YES;
				INFOPLIST_KEY_UISupportedInterfaceOrientations_iPad = "UIInterfaceOrientationPortrait UIInterfaceOrientationPortraitUpsideDown UIInterfaceOrientationLandscapeLeft UIInterfaceOrientationLandscapeRight";
				INFOPLIST_KEY_UISupportedInterfaceOrientations_iPhone = "UIInterfaceOrientationPortrait UIInterfaceOrientationLandscapeLeft UIInterfaceOrientationLandscapeRight";
				LD_RUNPATH_SEARCH_PATHS = (
					"$(inherited)",
					"@executable_path/Frameworks",
				);
				MARKETING_VERSION = 1.0;
				PRODUCT_BUNDLE_IDENTIFIER = com.Kedarnath.FlamMusicPlayer;
				PRODUCT_NAME = "$(TARGET_NAME)";
				SWIFT_EMIT_LOC_STRINGS = YES;
				SWIFT_VERSION = 5.0;
				TARGETED_DEVICE_FAMILY = "1,2";
			};
			name = Release;
		};
		16E85BE72E412CB1007A283C /* Debug */ = {
			isa = XCBuildConfiguration;
			buildSettings = {
				BUNDLE_LOADER = "$(TEST_HOST)";
				CODE_SIGN_STYLE = Automatic;
				CURRENT_PROJECT_VERSION = 1;
				GENERATE_INFOPLIST_FILE = YES;
				IPHONEOS_DEPLOYMENT_TARGET = 18.5;
				MARKETING_VERSION = 1.0;
				PRODUCT_BUNDLE_IDENTIFIER = com.Kedarnath.FlamMusicPlayerTests;
				PRODUCT_NAME = "$(TARGET_NAME)";
				SWIFT_EMIT_LOC_STRINGS = NO;
				SWIFT_VERSION = 5.0;
				TARGETED_DEVICE_FAMILY = "1,2";
				TEST_HOST = "$(BUILT_PRODUCTS_DIR)/FlamMusicPlayer.app/$(BUNDLE_EXECUTABLE_FOLDER_PATH)/FlamMusicPlayer";
			};
			name = Debug;
		};
		16E85BE82E412CB1007A283C /* Release */ = {
			isa = XCBuildConfiguration;
			buildSettings = {
				BUNDLE_LOADER = "$(TEST_HOST)";
				CODE_SIGN_STYLE = Automatic;
				CURRENT_PROJECT_VERSION = 1;
				GENERATE_INFOPLIST_FILE = YES;
				IPHONEOS_DEPLOYMENT_TARGET = 18.5;
				MARKETING_VERSION = 1.0;
				PRODUCT_BUNDLE_IDENTIFIER = com.Kedarnath.FlamMusicPlayerTests;
				PRODUCT_NAME = "$(TARGET_NAME)";
				SWIFT_EMIT_LOC_STRINGS = NO;
				SWIFT_VERSION = 5.0;
				TARGETED_DEVICE_FAMILY = "1,2";
				TEST_HOST = "$(BUILT_PRODUCTS_DIR)/FlamMusicPlayer.app/$(BUNDLE_EXECUTABLE_FOLDER_PATH)/FlamMusicPlayer";
			};
			name = Release;
		};
		16E85BEA2E412CB1007A283C /* Debug */ = {
			isa = XCBuildConfiguration;
			buildSettings = {
				CODE_SIGN_STYLE = Automatic;
				CURRENT_PROJECT_VERSION = 1;
				GENERATE_INFOPLIST_FILE = YES;
				MARKETING_VERSION = 1.0;
				PRODUCT_BUNDLE_IDENTIFIER = com.Kedarnath.FlamMusicPlayerUITests;
				PRODUCT_NAME = "$(TARGET_NAME)";
				SWIFT_EMIT_LOC_STRINGS = NO;
				SWIFT_VERSION = 5.0;
				TARGETED_DEVICE_FAMILY = "1,2";
				TEST_TARGET_NAME = FlamMusicPlayer;
			};
			name = Debug;
		};
		16E85BEB2E412CB1007A283C /* Release */ = {
			isa = XCBuildConfiguration;
			buildSettings = {
				CODE_SIGN_STYLE = Automatic;
				CURRENT_PROJECT_VERSION = 1;
				GENERATE_INFOPLIST_FILE = YES;
				MARKETING_VERSION = 1.0;
				PRODUCT_BUNDLE_IDENTIFIER = com.Kedarnath.FlamMusicPlayerUITests;
				PRODUCT_NAME = "$(TARGET_NAME)";
				SWIFT_EMIT_LOC_STRINGS = NO;
				SWIFT_VERSION = 5.0;
				TARGETED_DEVICE_FAMILY = "1,2";
				TEST_TARGET_NAME = FlamMusicPlayer;
			};
			name = Release;
		};
/* End XCBuildConfiguration section */

/* Begin XCConfigurationList section */
		16E85BBD2E412CAE007A283C /* Build configuration list for PBXProject "FlamMusicPlayer" */ = {
			isa = XCConfigurationList;
			buildConfigurations = (
				16E85BE12E412CB1007A283C /* Debug */,
				16E85BE22E412CB1007A283C /* Release */,
			);
			defaultConfigurationIsVisible = 0;
			defaultConfigurationName = Release;
		};
		16E85BE32E412CB1007A283C /* Build configuration list for PBXNativeTarget "FlamMusicPlayer" */ = {
			isa = XCConfigurationList;
			buildConfigurations = (
				16E85BE42E412CB1007A283C /* Debug */,
				16E85BE52E412CB1007A283C /* Release */,
			);
			defaultConfigurationIsVisible = 0;
			defaultConfigurationName = Release;
		};
		16E85BE62E412CB1007A283C /* Build configuration list for PBXNativeTarget "FlamMusicPlayerTests" */ = {
			isa = XCConfigurationList;
			buildConfigurations = (
				16E85BE72E412CB1007A283C /* Debug */,
				16E85BE82E412CB1007A283C /* Release */,
			);
			defaultConfigurationIsVisible = 0;
			defaultConfigurationName = Release;
		};
		16E85BE92E412CB1007A283C /* Build configuration list for PBXNativeTarget "FlamMusicPlayerUITests" */ = {
			isa = XCConfigurationList;
			buildConfigurations = (
				16E85BEA2E412CB1007A283C /* Debug */,
				16E85BEB2E412CB1007A283C /* Release */,
			);
			defaultConfigurationIsVisible = 0;
			defaultConfigurationName = Release;
		};
/* End XCConfigurationList section */
	};
	rootObject = 16E85BBA2E412CAE007A283C /* Project object */;
}
